
Microsoft Visual Studio Solution File, Format Version 12.00
# Visual Studio Version 16
VisualStudioVersion = 16.0.30611.23
MinimumVisualStudioVersion = 10.0.40219.1
Project("{FAE04EC0-301F-11D3-BF4B-00C04F79EFBC}") = "TextRedactor", "TextRedactor.csproj", "{D13FC7CC-E62E-4DC5-9806-0044BBC87552}"
EndProject
Project("{FAE04EC0-301F-11D3-BF4B-00C04F79EFBC}") = "FileSystemLibrary", "..\ClassLibrary1\FileSystemLibrary.csproj", "{BF647E28-482B-426F-A49E-8F047FB55E74}"
EndProject
Global
	GlobalSection(SolutionConfigurationPlatforms) = preSolution
		Debug|Any CPU = Debug|Any CPU
		Release|Any CPU = Release|Any CPU
	EndGlobalSection
	GlobalSection(ProjectConfigurationPlatforms) = postSolution
		{D13FC7CC-E62E-4DC5-9806-0044BBC87552}.Debug|Any CPU.ActiveCfg = Debug|Any CPU
		{D13FC7CC-E62E-4DC5-9806-0044BBC87552}.Debug|Any CPU.Build.0 = Debug|Any CPU
		{D13FC7CC-E62E-4DC5-9806-0044BBC87552}.Release|Any CPU.ActiveCfg = Release|Any CPU
		{D13FC7CC-E62E-4DC5-9806-0044BBC87552}.Release|Any CPU.Build.0 = Release|Any CPU
		{BF647E28-482B-426F-A49E-8F047FB55E74}.Debug|Any CPU.ActiveCfg = Debug|Any CPU
		{BF647E28-482B-426F-A49E-8F047FB55E74}.Debug|Any CPU.Build.0 = Debug|Any CPU
		{BF647E28-482B-426F-A49E-8F047FB55E74}.Release|Any CPU.ActiveCfg = Release|Any CPU
		{BF647E28-482B-426F-A49E-8F047FB55E74}.Release|Any CPU.Build.0 = Release|Any CPU
	EndGlobalSection
	GlobalSection(SolutionProperties) = preSolution
		HideSolutionNode = FALSE
	EndGlobalSection
	GlobalSection(ExtensibilityGlobals) = postSolution
		SolutionGuid = {2DE0F38E-6748-4A0C-B1E1-3AFA3D5534D7}
	EndGlobalSection
EndGlobal
