
Microsoft Visual Studio Solution File, Format Version 12.00
# Visual Studio Version 16
VisualStudioVersion = 16.0.30611.23
MinimumVisualStudioVersion = 10.0.40219.1
Project("{FAE04EC0-301F-11D3-BF4B-00C04F79EFBC}") = "lab6", "lab6.csproj", "{788B9C37-E7C1-497B-BA8D-53CA3AF44FB0}"
EndProject
Global
	GlobalSection(SolutionConfigurationPlatforms) = preSolution
		Debug|Any CPU = Debug|Any CPU
		Release|Any CPU = Release|Any CPU
	EndGlobalSection
	GlobalSection(ProjectConfigurationPlatforms) = postSolution
		{788B9C37-E7C1-497B-BA8D-53CA3AF44FB0}.Debug|Any CPU.ActiveCfg = Debug|Any CPU
		{788B9C37-E7C1-497B-BA8D-53CA3AF44FB0}.Debug|Any CPU.Build.0 = Debug|Any CPU
		{788B9C37-E7C1-497B-BA8D-53CA3AF44FB0}.Release|Any CPU.ActiveCfg = Release|Any CPU
		{788B9C37-E7C1-497B-BA8D-53CA3AF44FB0}.Release|Any CPU.Build.0 = Release|Any CPU
	EndGlobalSection
	GlobalSection(SolutionProperties) = preSolution
		HideSolutionNode = FALSE
	EndGlobalSection
	GlobalSection(ExtensibilityGlobals) = postSolution
		SolutionGuid = {AB5211CE-EB19-4545-9C65-F974056FA408}
	EndGlobalSection
EndGlobal
