
Microsoft Visual Studio Solution File, Format Version 12.00
# Visual Studio Version 16
VisualStudioVersion = 16.0.30611.23
MinimumVisualStudioVersion = 10.0.40219.1
Project("{FAE04EC0-301F-11D3-BF4B-00C04F79EFBC}") = "lab2", "lab2.csproj", "{17097F75-A598-4B46-A0FE-D15C3F843339}"
EndProject
Global
	GlobalSection(SolutionConfigurationPlatforms) = preSolution
		Debug|Any CPU = Debug|Any CPU
		Release|Any CPU = Release|Any CPU
	EndGlobalSection
	GlobalSection(ProjectConfigurationPlatforms) = postSolution
		{17097F75-A598-4B46-A0FE-D15C3F843339}.Debug|Any CPU.ActiveCfg = Debug|Any CPU
		{17097F75-A598-4B46-A0FE-D15C3F843339}.Debug|Any CPU.Build.0 = Debug|Any CPU
		{17097F75-A598-4B46-A0FE-D15C3F843339}.Release|Any CPU.ActiveCfg = Release|Any CPU
		{17097F75-A598-4B46-A0FE-D15C3F843339}.Release|Any CPU.Build.0 = Release|Any CPU
	EndGlobalSection
	GlobalSection(SolutionProperties) = preSolution
		HideSolutionNode = FALSE
	EndGlobalSection
	GlobalSection(ExtensibilityGlobals) = postSolution
		SolutionGuid = {36E4C4AA-B908-46C9-A512-D9177F2AD52F}
	EndGlobalSection
EndGlobal
